
Microsoft Visual Studio Solution File, Format Version 12.00
# Visual Studio Version 17
VisualStudioVersion = 17.11.35327.3
MinimumVisualStudioVersion = 10.0.40219.1
Project("{FAE04EC0-301F-11D3-BF4B-00C04F79EFBC}") = "user 생성", "user 생성.csproj", "{8A2D0A7A-576E-4930-A8C5-AB6C85CFDB2A}"
EndProject
Project("{FAE04EC0-301F-11D3-BF4B-00C04F79EFBC}") = "chat 생성", "..\chat 생성\chat 생성.csproj", "{B0808B81-B900-4E38-97E8-FDB780B7F5A1}"
EndProject
Project("{FAE04EC0-301F-11D3-BF4B-00C04F79EFBC}") = "친구 관계 데이터 생성", "..\친구 관계 데이터 생성\친구 관계 데이터 생성.csproj", "{2E949C0C-C19B-4282-84F7-F6FEDFD295B4}"
EndProject
Global
	GlobalSection(SolutionConfigurationPlatforms) = preSolution
		Debug|Any CPU = Debug|Any CPU
		Release|Any CPU = Release|Any CPU
	EndGlobalSection
	GlobalSection(ProjectConfigurationPlatforms) = postSolution
		{8A2D0A7A-576E-4930-A8C5-AB6C85CFDB2A}.Debug|Any CPU.ActiveCfg = Debug|Any CPU
		{8A2D0A7A-576E-4930-A8C5-AB6C85CFDB2A}.Debug|Any CPU.Build.0 = Debug|Any CPU
		{8A2D0A7A-576E-4930-A8C5-AB6C85CFDB2A}.Release|Any CPU.ActiveCfg = Release|Any CPU
		{8A2D0A7A-576E-4930-A8C5-AB6C85CFDB2A}.Release|Any CPU.Build.0 = Release|Any CPU
		{B0808B81-B900-4E38-97E8-FDB780B7F5A1}.Debug|Any CPU.ActiveCfg = Debug|Any CPU
		{B0808B81-B900-4E38-97E8-FDB780B7F5A1}.Debug|Any CPU.Build.0 = Debug|Any CPU
		{B0808B81-B900-4E38-97E8-FDB780B7F5A1}.Release|Any CPU.ActiveCfg = Release|Any CPU
		{B0808B81-B900-4E38-97E8-FDB780B7F5A1}.Release|Any CPU.Build.0 = Release|Any CPU
		{2E949C0C-C19B-4282-84F7-F6FEDFD295B4}.Debug|Any CPU.ActiveCfg = Debug|Any CPU
		{2E949C0C-C19B-4282-84F7-F6FEDFD295B4}.Debug|Any CPU.Build.0 = Debug|Any CPU
		{2E949C0C-C19B-4282-84F7-F6FEDFD295B4}.Release|Any CPU.ActiveCfg = Release|Any CPU
		{2E949C0C-C19B-4282-84F7-F6FEDFD295B4}.Release|Any CPU.Build.0 = Release|Any CPU
	EndGlobalSection
	GlobalSection(SolutionProperties) = preSolution
		HideSolutionNode = FALSE
	EndGlobalSection
	GlobalSection(ExtensibilityGlobals) = postSolution
		SolutionGuid = {37DACC51-5D8A-4520-8844-5BC43A8CB4AE}
	EndGlobalSection
EndGlobal
